
Microsoft Visual Studio Solution File, Format Version 12.00
# Visual Studio Version 17
VisualStudioVersion = 17.9.34723.18
MinimumVisualStudioVersion = 10.0.40219.1
Project("{FAE04EC0-301F-11D3-BF4B-00C04F79EFBC}") = "WebApp", "WebApp.csproj", "{1686EAC2-6B18-4BB4-87EF-9CB1C0AA0011}"
EndProject
Global
	GlobalSection(SolutionConfigurationPlatforms) = preSolution
		Debug|Any CPU = Debug|Any CPU
		Release|Any CPU = Release|Any CPU
	EndGlobalSection
	GlobalSection(ProjectConfigurationPlatforms) = postSolution
		{1686EAC2-6B18-4BB4-87EF-9CB1C0AA0011}.Debug|Any CPU.ActiveCfg = Debug|Any CPU
		{1686EAC2-6B18-4BB4-87EF-9CB1C0AA0011}.Debug|Any CPU.Build.0 = Debug|Any CPU
		{1686EAC2-6B18-4BB4-87EF-9CB1C0AA0011}.Release|Any CPU.ActiveCfg = Release|Any CPU
		{1686EAC2-6B18-4BB4-87EF-9CB1C0AA0011}.Release|Any CPU.Build.0 = Release|Any CPU
	EndGlobalSection
	GlobalSection(SolutionProperties) = preSolution
		HideSolutionNode = FALSE
	EndGlobalSection
	GlobalSection(ExtensibilityGlobals) = postSolution
		SolutionGuid = {2FE9FF70-3AB4-401C-ABB8-EB699330BAF9}
	EndGlobalSection
EndGlobal
